{"packages":{"intl":{"version":"0.6.5","source":"hosted","description":"intl"},"browser":{"version":"0.6.5","source":"hosted","description":"browser"},"path":{"version":"0.6.5","source":"hosted","description":"path"},"analyzer_experimental":{"version":"0.6.5","source":"hosted","description":"analyzer_experimental"},"logging":{"version":"0.6.5","source":"hosted","description":"logging"},"args":{"version":"0.6.5","source":"hosted","description":"args"}}}